// !$*UTF8*$!
{
	archiveVersion = 1;
	classes = {
	};
	objectVersion = 46;
	objects = {

/* Begin PBXBuildFile section */
		8A1A6B151CCB32BF008F6DE1 /* main.m in Sources */ = {isa = PBXBuildFile; fileRef = 8A1A6B141CCB32BF008F6DE1 /* main.m */; };
		8A1A6B181CCB32BF008F6DE1 /* AppDelegate.m in Sources */ = {isa = PBXBuildFile; fileRef = 8A1A6B171CCB32BF008F6DE1 /* AppDelegate.m */; };
		8A1A6B1B1CCB32BF008F6DE1 /* ViewController.m in Sources */ = {isa = PBXBuildFile; fileRef = 8A1A6B1A1CCB32BF008F6DE1 /* ViewController.m */; };
		8A1A6B1E1CCB32BF008F6DE1 /* Main.storyboard in Resources */ = {isa = PBXBuildFile; fileRef = 8A1A6B1C1CCB32BF008F6DE1 /* Main.storyboard */; };
		8A1A6B211CCB32BF008F6DE1 /* LittleFrog.xcdatamodeld in Sources */ = {isa = PBXBuildFile; fileRef = 8A1A6B1F1CCB32BF008F6DE1 /* LittleFrog.xcdatamodeld */; };
		8A1A6B231CCB32BF008F6DE1 /* Assets.xcassets in Resources */ = {isa = PBXBuildFile; fileRef = 8A1A6B221CCB32BF008F6DE1 /* Assets.xcassets */; };
		8A1A6B261CCB32BF008F6DE1 /* LaunchScreen.storyboard in Resources */ = {isa = PBXBuildFile; fileRef = 8A1A6B241CCB32BF008F6DE1 /* LaunchScreen.storyboard */; };
		8A1A6B311CCB32BF008F6DE1 /* LittleFrogTests.m in Sources */ = {isa = PBXBuildFile; fileRef = 8A1A6B301CCB32BF008F6DE1 /* LittleFrogTests.m */; };
/* End PBXBuildFile section */

/* Begin PBXContainerItemProxy section */
		8A1A6B2D1CCB32BF008F6DE1 /* PBXContainerItemProxy */ = {
			isa = PBXContainerItemProxy;
			containerPortal = 8A1A6B081CCB32BF008F6DE1 /* Project object */;
			proxyType = 1;
			remoteGlobalIDString = 8A1A6B0F1CCB32BF008F6DE1;
			remoteInfo = LittleFrog;
		};
/* End PBXContainerItemProxy section */

/* Begin PBXFileReference section */
		8A1A6B101CCB32BF008F6DE1 /* LittleFrog.app */ = {isa = PBXFileReference; explicitFileType = wrapper.application; includeInIndex = 0; path = LittleFrog.app; sourceTree = BUILT_PRODUCTS_DIR; };
		8A1A6B141CCB32BF008F6DE1 /* main.m */ = {isa = PBXFileReference; lastKnownFileType = sourcecode.c.objc; path = main.m; sourceTree = "<group>"; };
		8A1A6B161CCB32BF008F6DE1 /* AppDelegate.h */ = {isa = PBXFileReference; lastKnownFileType = sourcecode.c.h; path = AppDelegate.h; sourceTree = "<group>"; };
		8A1A6B171CCB32BF008F6DE1 /* AppDelegate.m */ = {isa = PBXFileReference; lastKnownFileType = sourcecode.c.objc; path = AppDelegate.m; sourceTree = "<group>"; };
		8A1A6B191CCB32BF008F6DE1 /* ViewController.h */ = {isa = PBXFileReference; lastKnownFileType = sourcecode.c.h; path = ViewController.h; sourceTree = "<group>"; };
		8A1A6B1A1CCB32BF008F6DE1 /* ViewController.m */ = {isa = PBXFileReference; lastKnownFileType = sourcecode.c.objc; path = ViewController.m; sourceTree = "<group>"; };
		8A1A6B1D1CCB32BF008F6DE1 /* Base */ = {isa = PBXFileReference; lastKnownFileType = file.storyboard; name = Base; path = Base.lproj/Main.storyboard; sourceTree = "<group>"; };
		8A1A6B201CCB32BF008F6DE1 /* LittleFrog.xcdatamodel */ = {isa = PBXFileReference; lastKnownFileType = wrapper.xcdatamodel; path = LittleFrog.xcdatamodel; sourceTree = "<group>"; };
		8A1A6B221CCB32BF008F6DE1 /* Assets.xcassets */ = {isa = PBXFileReference; lastKnownFileType = folder.assetcatalog; path = Assets.xcassets; sourceTree = "<group>"; };
		8A1A6B251CCB32BF008F6DE1 /* Base */ = {isa = PBXFileReference; lastKnownFileType = file.storyboard; name = Base; path = Base.lproj/LaunchScreen.storyboard; sourceTree = "<group>"; };
		8A1A6B271CCB32BF008F6DE1 /* Info.plist */ = {isa = PBXFileReference; lastKnownFileType = text.plist.xml; path = Info.plist; sourceTree = "<group>"; };
		8A1A6B2C1CCB32BF008F6DE1 /* LittleFrogTests.xctest */ = {isa = PBXFileReference; explicitFileType = wrapper.cfbundle; includeInIndex = 0; path = LittleFrogTests.xctest; sourceTree = BUILT_PRODUCTS_DIR; };
		8A1A6B301CCB32BF008F6DE1 /* LittleFrogTests.m */ = {isa = PBXFileReference; lastKnownFileType = sourcecode.c.objc; path = LittleFrogTests.m; sourceTree = "<group>"; };
		8A1A6B321CCB32BF008F6DE1 /* Info.plist */ = {isa = PBXFileReference; lastKnownFileType = text.plist.xml; path = Info.plist; sourceTree = "<group>"; };
/* End PBXFileReference section */

/* Begin PBXFrameworksBuildPhase section */
		8A1A6B0D1CCB32BF008F6DE1 /* Frameworks */ = {
			isa = PBXFrameworksBuildPhase;
			buildActionMask = 2147483647;
			files = (
			);
			runOnlyForDeploymentPostprocessing = 0;
		};
		8A1A6B291CCB32BF008F6DE1 /* Frameworks */ = {
			isa = PBXFrameworksBuildPhase;
			buildActionMask = 2147483647;
			files = (
			);
			runOnlyForDeploymentPostprocessing = 0;
		};
/* End PBXFrameworksBuildPhase section */

/* Begin PBXGroup section */
		8A1A6B071CCB32BF008F6DE1 = {
			isa = PBXGroup;
			children = (
				8A1A6B121CCB32BF008F6DE1 /* LittleFrog */,
				8A1A6B2F1CCB32BF008F6DE1 /* LittleFrogTests */,
				8A1A6B111CCB32BF008F6DE1 /* Products */,
			);
			sourceTree = "<group>";
		};
		8A1A6B111CCB32BF008F6DE1 /* Products */ = {
			isa = PBXGroup;
			children = (
				8A1A6B101CCB32BF008F6DE1 /* LittleFrog.app */,
				8A1A6B2C1CCB32BF008F6DE1 /* LittleFrogTests.xctest */,
			);
			name = Products;
			sourceTree = "<group>";
		};
		8A1A6B121CCB32BF008F6DE1 /* LittleFrog */ = {
			isa = PBXGroup;
			children = (
				8A1A6B161CCB32BF008F6DE1 /* AppDelegate.h */,
				8A1A6B171CCB32BF008F6DE1 /* AppDelegate.m */,
				8A1A6B191CCB32BF008F6DE1 /* ViewController.h */,
				8A1A6B1A1CCB32BF008F6DE1 /* ViewController.m */,
				8A1A6B1C1CCB32BF008F6DE1 /* Main.storyboard */,
				8A1A6B221CCB32BF008F6DE1 /* Assets.xcassets */,
				8A1A6B241CCB32BF008F6DE1 /* LaunchScreen.storyboard */,
				8A1A6B271CCB32BF008F6DE1 /* Info.plist */,
				8A1A6B1F1CCB32BF008F6DE1 /* LittleFrog.xcdatamodeld */,
				8A1A6B131CCB32BF008F6DE1 /* Supporting Files */,
			);
			path = LittleFrog;
			sourceTree = "<group>";
		};
		8A1A6B131CCB32BF008F6DE1 /* Supporting Files */ = {
			isa = PBXGroup;
			children = (
				8A1A6B141CCB32BF008F6DE1 /* main.m */,
			);
			name = "Supporting Files";
			sourceTree = "<group>";
		};
		8A1A6B2F1CCB32BF008F6DE1 /* LittleFrogTests */ = {
			isa = PBXGroup;
			children = (
				8A1A6B301CCB32BF008F6DE1 /* LittleFrogTests.m */,
				8A1A6B321CCB32BF008F6DE1 /* Info.plist */,
			);
			path = LittleFrogTests;
			sourceTree = "<group>";
		};
/* End PBXGroup section */

/* Begin PBXNativeTarget section */
		8A1A6B0F1CCB32BF008F6DE1 /* LittleFrog */ = {
			isa = PBXNativeTarget;
			buildConfigurationList = 8A1A6B351CCB32BF008F6DE1 /* Build configuration list for PBXNativeTarget "LittleFrog" */;
			buildPhases = (
				8A1A6B0C1CCB32BF008F6DE1 /* Sources */,
				8A1A6B0D1CCB32BF008F6DE1 /* Frameworks */,
				8A1A6B0E1CCB32BF008F6DE1 /* Resources */,
			);
			buildRules = (
			);
			dependencies = (
			);
			name = LittleFrog;
			productName = LittleFrog;
			productReference = 8A1A6B101CCB32BF008F6DE1 /* LittleFrog.app */;
			productType = "com.apple.product-type.application";
		};
		8A1A6B2B1CCB32BF008F6DE1 /* LittleFrogTests */ = {
			isa = PBXNativeTarget;
			buildConfigurationList = 8A1A6B381CCB32BF008F6DE1 /* Build configuration list for PBXNativeTarget "LittleFrogTests" */;
			buildPhases = (
				8A1A6B281CCB32BF008F6DE1 /* Sources */,
				8A1A6B291CCB32BF008F6DE1 /* Frameworks */,
				8A1A6B2A1CCB32BF008F6DE1 /* Resources */,
			);
			buildRules = (
			);
			dependencies = (
				8A1A6B2E1CCB32BF008F6DE1 /* PBXTargetDependency */,
			);
			name = LittleFrogTests;
			productName = LittleFrogTests;
			productReference = 8A1A6B2C1CCB32BF008F6DE1 /* LittleFrogTests.xctest */;
			productType = "com.apple.product-type.bundle.unit-test";
		};
/* End PBXNativeTarget section */

/* Begin PBXProject section */
		8A1A6B081CCB32BF008F6DE1 /* Project object */ = {
			isa = PBXProject;
			attributes = {
				LastUpgradeCheck = 0730;
				ORGANIZATIONNAME = HuangCong;
				TargetAttributes = {
					8A1A6B0F1CCB32BF008F6DE1 = {
						CreatedOnToolsVersion = 7.3;
						DevelopmentTeam = 4EXDER2SUV;
					};
					8A1A6B2B1CCB32BF008F6DE1 = {
						CreatedOnToolsVersion = 7.3;
						DevelopmentTeam = 4EXDER2SUV;
						TestTargetID = 8A1A6B0F1CCB32BF008F6DE1;
					};
				};
			};
			buildConfigurationList = 8A1A6B0B1CCB32BF008F6DE1 /* Build configuration list for PBXProject "LittleFrog" */;
			compatibilityVersion = "Xcode 3.2";
			developmentRegion = English;
			hasScannedForEncodings = 0;
			knownRegions = (
				en,
				Base,
			);
			mainGroup = 8A1A6B071CCB32BF008F6DE1;
			productRefGroup = 8A1A6B111CCB32BF008F6DE1 /* Products */;
			projectDirPath = "";
			projectRoot = "";
			targets = (
				8A1A6B0F1CCB32BF008F6DE1 /* LittleFrog */,
				8A1A6B2B1CCB32BF008F6DE1 /* LittleFrogTests */,
			);
		};
/* End PBXProject section */

/* Begin PBXResourcesBuildPhase section */
		8A1A6B0E1CCB32BF008F6DE1 /* Resources */ = {
			isa = PBXResourcesBuildPhase;
			buildActionMask = 2147483647;
			files = (
				8A1A6B261CCB32BF008F6DE1 /* LaunchScreen.storyboard in Resources */,
				8A1A6B231CCB32BF008F6DE1 /* Assets.xcassets in Resources */,
				8A1A6B1E1CCB32BF008F6DE1 /* Main.storyboard in Resources */,
			);
			runOnlyForDeploymentPostprocessing = 0;
		};
		8A1A6B2A1CCB32BF008F6DE1 /* Resources */ = {
			isa = PBXResourcesBuildPhase;
			buildActionMask = 2147483647;
			files = (
			);
			runOnlyForDeploymentPostprocessing = 0;
		};
/* End PBXResourcesBuildPhase section */

/* Begin PBXSourcesBuildPhase section */
		8A1A6B0C1CCB32BF008F6DE1 /* Sources */ = {
			isa = PBXSourcesBuildPhase;
			buildActionMask = 2147483647;
			files = (
				8A1A6B1B1CCB32BF008F6DE1 /* ViewController.m in Sources */,
				8A1A6B181CCB32BF008F6DE1 /* AppDelegate.m in Sources */,
				8A1A6B151CCB32BF008F6DE1 /* main.m in Sources */,
				8A1A6B211CCB32BF008F6DE1 /* LittleFrog.xcdatamodeld in Sources */,
			);
			runOnlyForDeploymentPostprocessing = 0;
		};
		8A1A6B281CCB32BF008F6DE1 /* Sources */ = {
			isa = PBXSourcesBuildPhase;
			buildActionMask = 2147483647;
			files = (
				8A1A6B311CCB32BF008F6DE1 /* LittleFrogTests.m in Sources */,
			);
			runOnlyForDeploymentPostprocessing = 0;
		};
/* End PBXSourcesBuildPhase section */

/* Begin PBXTargetDependency section */
		8A1A6B2E1CCB32BF008F6DE1 /* PBXTargetDependency */ = {
			isa = PBXTargetDependency;
			target = 8A1A6B0F1CCB32BF008F6DE1 /* LittleFrog */;
			targetProxy = 8A1A6B2D1CCB32BF008F6DE1 /* PBXContainerItemProxy */;
		};
/* End PBXTargetDependency section */

/* Begin PBXVariantGroup section */
		8A1A6B1C1CCB32BF008F6DE1 /* Main.storyboard */ = {
			isa = PBXVariantGroup;
			children = (
				8A1A6B1D1CCB32BF008F6DE1 /* Base */,
			);
			name = Main.storyboard;
			sourceTree = "<group>";
		};
		8A1A6B241CCB32BF008F6DE1 /* LaunchScreen.storyboard */ = {
			isa = PBXVariantGroup;
			children = (
				8A1A6B251CCB32BF008F6DE1 /* Base */,
			);
			name = LaunchScreen.storyboard;
			sourceTree = "<group>";
		};
/* End PBXVariantGroup section */

/* Begin XCBuildConfiguration section */
		8A1A6B331CCB32BF008F6DE1 /* Debug */ = {
			isa = XCBuildConfiguration;
			buildSettings = {
				ALWAYS_SEARCH_USER_PATHS = NO;
				CLANG_ANALYZER_NONNULL = YES;
				CLANG_CXX_LANGUAGE_STANDARD = "gnu++0x";
				CLANG_CXX_LIBRARY = "libc++";
				CLANG_ENABLE_MODULES = YES;
				CLANG_ENABLE_OBJC_ARC = YES;
				CLANG_WARN_BOOL_CONVERSION = YES;
				CLANG_WARN_CONSTANT_CONVERSION = YES;
				CLANG_WARN_DIRECT_OBJC_ISA_USAGE = YES_ERROR;
				CLANG_WARN_EMPTY_BODY = YES;
				CLANG_WARN_ENUM_CONVERSION = YES;
				CLANG_WARN_INT_CONVERSION = YES;
				CLANG_WARN_OBJC_ROOT_CLASS = YES_ERROR;
				CLANG_WARN_UNREACHABLE_CODE = YES;
				CLANG_WARN__DUPLICATE_METHOD_MATCH = YES;
				"CODE_SIGN_IDENTITY[sdk=iphoneos*]" = "iPhone Developer";
				COPY_PHASE_STRIP = NO;
				DEBUG_INFORMATION_FORMAT = dwarf;
				ENABLE_STRICT_OBJC_MSGSEND = YES;
				ENABLE_TESTABILITY = YES;
				GCC_C_LANGUAGE_STANDARD = gnu99;
				GCC_DYNAMIC_NO_PIC = NO;
				GCC_NO_COMMON_BLOCKS = YES;
				GCC_OPTIMIZATION_LEVEL = 0;
				GCC_PREPROCESSOR_DEFINITIONS = (
					"DEBUG=1",
					"$(inherited)",
				);
				GCC_WARN_64_TO_32_BIT_CONVERSION = YES;
				GCC_WARN_ABOUT_RETURN_TYPE = YES_ERROR;
				GCC_WARN_UNDECLARED_SELECTOR = YES;
				GCC_WARN_UNINITIALIZED_AUTOS = YES_AGGRESSIVE;
				GCC_WARN_UNUSED_FUNCTION = YES;
				GCC_WARN_UNUSED_VARIABLE = YES;
				IPHONEOS_DEPLOYMENT_TARGET = 9.3;
				MTL_ENABLE_DEBUG_INFO = YES;
				ONLY_ACTIVE_ARCH = YES;
				SDKROOT = iphoneos;
			};
			name = Debug;
		};
		8A1A6B341CCB32BF008F6DE1 /* Release */ = {
			isa = XCBuildConfiguration;
			buildSettings = {
				ALWAYS_SEARCH_USER_PATHS = NO;
				CLANG_ANALYZER_NONNULL = YES;
				CLANG_CXX_LANGUAGE_STANDARD = "gnu++0x";
				CLANG_CXX_LIBRARY = "libc++";
				CLANG_ENABLE_MODULES = YES;
				CLANG_ENABLE_OBJC_ARC = YES;
				CLANG_WARN_BOOL_CONVERSION = YES;
				CLANG_WARN_CONSTANT_CONVERSION = YES;
				CLANG_WARN_DIRECT_OBJC_ISA_USAGE = YES_ERROR;
				CLANG_WARN_EMPTY_BODY = YES;
				CLANG_WARN_ENUM_CONVERSION = YES;
				CLANG_WARN_INT_CONVERSION = YES;
				CLANG_WARN_OBJC_ROOT_CLASS = YES_ERROR;
				CLANG_WARN_UNREACHABLE_CODE = YES;
				CLANG_WARN__DUPLICATE_METHOD_MATCH = YES;
				"CODE_SIGN_IDENTITY[sdk=iphoneos*]" = "iPhone Developer";
				COPY_PHASE_STRIP = NO;
				DEBUG_INFORMATION_FORMAT = "dwarf-with-dsym";
				ENABLE_NS_ASSERTIONS = NO;
				ENABLE_STRICT_OBJC_MSGSEND = YES;
				GCC_C_LANGUAGE_STANDARD = gnu99;
				GCC_NO_COMMON_BLOCKS = YES;
				GCC_WARN_64_TO_32_BIT_CONVERSION = YES;
				GCC_WARN_ABOUT_RETURN_TYPE = YES_ERROR;
				GCC_WARN_UNDECLARED_SELECTOR = YES;
				GCC_WARN_UNINITIALIZED_AUTOS = YES_AGGRESSIVE;
				GCC_WARN_UNUSED_FUNCTION = YES;
				GCC_WARN_UNUSED_VARIABLE = YES;
				IPHONEOS_DEPLOYMENT_TARGET = 9.3;
				MTL_ENABLE_DEBUG_INFO = NO;
				SDKROOT = iphoneos;
				VALIDATE_PRODUCT = YES;
			};
			name = Release;
		};
		8A1A6B361CCB32BF008F6DE1 /* Debug */ = {
			isa = XCBuildConfiguration;
			buildSettings = {
				ASSETCATALOG_COMPILER_APPICON_NAME = AppIcon;
				INFOPLIST_FILE = LittleFrog/Info.plist;
				LD_RUNPATH_SEARCH_PATHS = "$(inherited) @executable_path/Frameworks";
				PRODUCT_BUNDLE_IDENTIFIER = cn.huangcong.LittleFrog;
				PRODUCT_NAME = "$(TARGET_NAME)";
			};
			name = Debug;
		};
		8A1A6B371CCB32BF008F6DE1 /* Release */ = {
			isa = XCBuildConfiguration;
			buildSettings = {
				ASSETCATALOG_COMPILER_APPICON_NAME = AppIcon;
				INFOPLIST_FILE = LittleFrog/Info.plist;
				LD_RUNPATH_SEARCH_PATHS = "$(inherited) @executable_path/Frameworks";
				PRODUCT_BUNDLE_IDENTIFIER = cn.huangcong.LittleFrog;
				PRODUCT_NAME = "$(TARGET_NAME)";
			};
			name = Release;
		};
		8A1A6B391CCB32BF008F6DE1 /* Debug */ = {
			isa = XCBuildConfiguration;
			buildSettings = {
				BUNDLE_LOADER = "$(TEST_HOST)";
				INFOPLIST_FILE = LittleFrogTests/Info.plist;
				LD_RUNPATH_SEARCH_PATHS = "$(inherited) @executable_path/Frameworks @loader_path/Frameworks";
				PRODUCT_BUNDLE_IDENTIFIER = cn.huangcong.LittleFrogTests;
				PRODUCT_NAME = "$(TARGET_NAME)";
				TEST_HOST = "$(BUILT_PRODUCTS_DIR)/LittleFrog.app/LittleFrog";
			};
			name = Debug;
		};
		8A1A6B3A1CCB32BF008F6DE1 /* Release */ = {
			isa = XCBuildConfiguration;
			buildSettings = {
				BUNDLE_LOADER = "$(TEST_HOST)";
				INFOPLIST_FILE = LittleFrogTests/Info.plist;
				LD_RUNPATH_SEARCH_PATHS = "$(inherited) @executable_path/Frameworks @loader_path/Frameworks";
				PRODUCT_BUNDLE_IDENTIFIER = cn.huangcong.LittleFrogTests;
				PRODUCT_NAME = "$(TARGET_NAME)";
				TEST_HOST = "$(BUILT_PRODUCTS_DIR)/LittleFrog.app/LittleFrog";
			};
			name = Release;
		};
/* End XCBuildConfiguration section */

/* Begin XCConfigurationList section */
		8A1A6B0B1CCB32BF008F6DE1 /* Build configuration list for PBXProject "LittleFrog" */ = {
			isa = XCConfigurationList;
			buildConfigurations = (
				8A1A6B331CCB32BF008F6DE1 /* Debug */,
				8A1A6B341CCB32BF008F6DE1 /* Release */,
			);
			defaultConfigurationIsVisible = 0;
			defaultConfigurationName = Release;
		};
		8A1A6B351CCB32BF008F6DE1 /* Build configuration list for PBXNativeTarget "LittleFrog" */ = {
			isa = XCConfigurationList;
			buildConfigurations = (
				8A1A6B361CCB32BF008F6DE1 /* Debug */,
				8A1A6B371CCB32BF008F6DE1 /* Release */,
			);
			defaultConfigurationIsVisible = 0;
		};
		8A1A6B381CCB32BF008F6DE1 /* Build configuration list for PBXNativeTarget "LittleFrogTests" */ = {
			isa = XCConfigurationList;
			buildConfigurations = (
				8A1A6B391CCB32BF008F6DE1 /* Debug */,
				8A1A6B3A1CCB32BF008F6DE1 /* Release */,
			);
			defaultConfigurationIsVisible = 0;
		};
/* End XCConfigurationList section */

/* Begin XCVersionGroup section */
		8A1A6B1F1CCB32BF008F6DE1 /* LittleFrog.xcdatamodeld */ = {
			isa = XCVersionGroup;
			children = (
				8A1A6B201CCB32BF008F6DE1 /* LittleFrog.xcdatamodel */,
			);
			currentVersion = 8A1A6B201CCB32BF008F6DE1 /* LittleFrog.xcdatamodel */;
			path = LittleFrog.xcdatamodeld;
			sourceTree = "<group>";
			versionGroupType = wrapper.xcdatamodel;
		};
/* End XCVersionGroup section */
	};
	rootObject = 8A1A6B081CCB32BF008F6DE1 /* Project object */;
}
